FORGE
  remote: https://forge.puppet.com
  specs:
    camptocamp-archive (0.9.0)
    ceritsc-yum (0.9.8)
      puppetlabs-stdlib (>= 4.2.0)
    danzilio-virtualbox (1.7.1)
      puppetlabs-apt (< 3.0.0, >= 2.1.0)
      puppetlabs-stdlib (< 5.0.0, >= 4.8.0)
      stahnma-epel (< 2.0.0, >= 0.0.6)
    funthomas424242-sts (0.1.3)
      maestrodev-wget (>= 1.7.1)
      puppetlabs-stdlib (< 5.0.0, >= 2.7.20)
    gini-idea (0.3.0)
    maestrodev-wget (1.7.3)
    paulosuzart-sdkman (1.0.2)
      maestrodev-wget (>= 0.0.0)
    puppetlabs-apt (2.3.0)
      puppetlabs-stdlib (< 5.0.0, >= 4.5.0)
    puppetlabs-stdlib (4.13.1)
    stahnma-epel (1.2.2)
      puppetlabs-stdlib (>= 3.0.0)
    unibet-vagrant (0.2.1)
      puppetlabs-stdlib (>= 0.0.0)

DEPENDENCIES
  camptocamp-archive (>= 0)
  ceritsc-yum (>= 0)
  danzilio-virtualbox (>= 0)
  funthomas424242-sts (>= 0)
  gini-idea (>= 0)
  paulosuzart-sdkman (>= 0)
  stahnma-epel (>= 0)
  unibet-vagrant (>= 0)

